
Microsoft Visual Studio Solution File, Format Version 12.00
# Visual Studio 15
VisualStudioVersion = 15.0.26430.12
MinimumVisualStudioVersion = 10.0.40219.1
Project("{2150E333-8FDC-42A3-9474-1A3956D46DE8}") = "Stuff", "Stuff", "{00DBFC4F-5E84-4386-A95E-C34E74C5C680}"
	ProjectSection(SolutionItems) = preProject
		GetStarted.txt = GetStarted.txt
		License.txt = License.txt
		TODO.txt = TODO.txt
	EndProjectSection
EndProject
Project("{D954291E-2A0B-460D-934E-DC6B0785DB48}") = "VarmintTools", "Tools\VarmintTools.shproj", "{F89FA038-229B-42D6-8844-AFC7C045A9E3}"
EndProject
Project("{D954291E-2A0B-460D-934E-DC6B0785DB48}") = "VarmintWidgets", "Widgets\VarmintWidgets.shproj", "{5EBC5C7F-BCB6-48EB-9950-A468DA4DAE5D}"
EndProject
Project("{D954291E-2A0B-460D-934E-DC6B0785DB48}") = "Demo.Shared", "Demo.Shared\Demo.Shared.shproj", "{A0CDBD0E-3A41-42B7-9425-A838BC2C7383}"
EndProject
Project("{FAE04EC0-301F-11D3-BF4B-00C04F79EFBC}") = "TestsForVarmintTools", "Tests\TestsForVarmintTools.csproj", "{CA303E85-5E76-47DF-B81E-85127FFD3010}"
EndProject
Project("{FAE04EC0-301F-11D3-BF4B-00C04F79EFBC}") = "DemoForWindows", "DemoForWindows\DemoForWindows.csproj", "{FEE379EF-A613-451B-91BF-595B3FCD2448}"
EndProject
Project("{FAE04EC0-301F-11D3-BF4B-00C04F79EFBC}") = "DemoForAndroid", "DemoForAndroid\DemoForAndroid.csproj", "{199B5BB6-E9D2-4EDE-8E37-617D03924201}"
EndProject
Global
	GlobalSection(SharedMSBuildProjectFiles) = preSolution
		Demo.Shared\Demo.Shared.projitems*{199b5bb6-e9d2-4ede-8e37-617d03924201}*SharedItemsImports = 4
		Tools\VarmintTools.projitems*{199b5bb6-e9d2-4ede-8e37-617d03924201}*SharedItemsImports = 4
		Widgets\VarmintWidgets.projitems*{199b5bb6-e9d2-4ede-8e37-617d03924201}*SharedItemsImports = 4
		Widgets\VarmintWidgets.projitems*{5ebc5c7f-bcb6-48eb-9950-a468da4dae5d}*SharedItemsImports = 13
		Demo.Shared\Demo.Shared.projitems*{a0cdbd0e-3a41-42b7-9425-a838bc2c7383}*SharedItemsImports = 13
		Tools\VarmintTools.projitems*{ca303e85-5e76-47df-b81e-85127ffd3010}*SharedItemsImports = 4
		Widgets\VarmintWidgets.projitems*{ca303e85-5e76-47df-b81e-85127ffd3010}*SharedItemsImports = 4
		Tools\VarmintTools.projitems*{f89fa038-229b-42d6-8844-afc7c045a9e3}*SharedItemsImports = 13
		Demo.Shared\Demo.Shared.projitems*{fee379ef-a613-451b-91bf-595b3fcd2448}*SharedItemsImports = 4
		Tools\VarmintTools.projitems*{fee379ef-a613-451b-91bf-595b3fcd2448}*SharedItemsImports = 4
		Widgets\VarmintWidgets.projitems*{fee379ef-a613-451b-91bf-595b3fcd2448}*SharedItemsImports = 4
	EndGlobalSection
	GlobalSection(SolutionConfigurationPlatforms) = preSolution
		Debug|Any CPU = Debug|Any CPU
		Release|Any CPU = Release|Any CPU
	EndGlobalSection
	GlobalSection(ProjectConfigurationPlatforms) = postSolution
		{CA303E85-5E76-47DF-B81E-85127FFD3010}.Debug|Any CPU.ActiveCfg = Debug|Any CPU
		{CA303E85-5E76-47DF-B81E-85127FFD3010}.Debug|Any CPU.Build.0 = Debug|Any CPU
		{CA303E85-5E76-47DF-B81E-85127FFD3010}.Release|Any CPU.ActiveCfg = Release|Any CPU
		{CA303E85-5E76-47DF-B81E-85127FFD3010}.Release|Any CPU.Build.0 = Release|Any CPU
		{FEE379EF-A613-451B-91BF-595B3FCD2448}.Debug|Any CPU.ActiveCfg = Debug|Any CPU
		{FEE379EF-A613-451B-91BF-595B3FCD2448}.Debug|Any CPU.Build.0 = Debug|Any CPU
		{FEE379EF-A613-451B-91BF-595B3FCD2448}.Release|Any CPU.ActiveCfg = Release|Any CPU
		{FEE379EF-A613-451B-91BF-595B3FCD2448}.Release|Any CPU.Build.0 = Release|Any CPU
		{199B5BB6-E9D2-4EDE-8E37-617D03924201}.Debug|Any CPU.ActiveCfg = Debug|Any CPU
		{199B5BB6-E9D2-4EDE-8E37-617D03924201}.Debug|Any CPU.Build.0 = Debug|Any CPU
		{199B5BB6-E9D2-4EDE-8E37-617D03924201}.Debug|Any CPU.Deploy.0 = Debug|Any CPU
		{199B5BB6-E9D2-4EDE-8E37-617D03924201}.Release|Any CPU.ActiveCfg = Release|Any CPU
		{199B5BB6-E9D2-4EDE-8E37-617D03924201}.Release|Any CPU.Build.0 = Release|Any CPU
		{199B5BB6-E9D2-4EDE-8E37-617D03924201}.Release|Any CPU.Deploy.0 = Release|Any CPU
	EndGlobalSection
	GlobalSection(SolutionProperties) = preSolution
		HideSolutionNode = FALSE
	EndGlobalSection
EndGlobal
